
Microsoft Visual Studio Solution File, Format Version 12.00
# Visual Studio Version 16
VisualStudioVersion = 16.0.30104.148
MinimumVisualStudioVersion = 10.0.40219.1
Project("{FAE04EC0-301F-11D3-BF4B-00C04F79EFBC}") = "WebApplication2", "WebApplication2\WebApplication2.csproj", "{59D7CF7B-A06F-4C76-B205-09A81B14DE59}"
EndProject
Global
	GlobalSection(SolutionConfigurationPlatforms) = preSolution
		Debug|Any CPU = Debug|Any CPU
		Release|Any CPU = Release|Any CPU
	EndGlobalSection
	GlobalSection(ProjectConfigurationPlatforms) = postSolution
		{59D7CF7B-A06F-4C76-B205-09A81B14DE59}.Debug|Any CPU.ActiveCfg = Debug|Any CPU
		{59D7CF7B-A06F-4C76-B205-09A81B14DE59}.Debug|Any CPU.Build.0 = Debug|Any CPU
		{59D7CF7B-A06F-4C76-B205-09A81B14DE59}.Release|Any CPU.ActiveCfg = Release|Any CPU
		{59D7CF7B-A06F-4C76-B205-09A81B14DE59}.Release|Any CPU.Build.0 = Release|Any CPU
	EndGlobalSection
	GlobalSection(SolutionProperties) = preSolution
		HideSolutionNode = FALSE
	EndGlobalSection
	GlobalSection(ExtensibilityGlobals) = postSolution
		SolutionGuid = {FEFA2A1A-072F-489D-8625-EDD342202CE3}
	EndGlobalSection
EndGlobal
